
Microsoft Visual Studio Solution File, Format Version 12.00
# Visual Studio 2012
Project("{FAE04EC0-301F-11D3-BF4B-00C04F79EFBC}") = "Aspnet_twitter_sass", "Aspnet_twitter_sass\Aspnet_twitter_sass.csproj", "{AF72A394-4DE0-4896-9F2F-924D68545168}"
EndProject
Global
	GlobalSection(SolutionConfigurationPlatforms) = preSolution
		Debug|Any CPU = Debug|Any CPU
		Release|Any CPU = Release|Any CPU
	EndGlobalSection
	GlobalSection(ProjectConfigurationPlatforms) = postSolution
		{AF72A394-4DE0-4896-9F2F-924D68545168}.Debug|Any CPU.ActiveCfg = Debug|Any CPU
		{AF72A394-4DE0-4896-9F2F-924D68545168}.Debug|Any CPU.Build.0 = Debug|Any CPU
		{AF72A394-4DE0-4896-9F2F-924D68545168}.Release|Any CPU.ActiveCfg = Release|Any CPU
		{AF72A394-4DE0-4896-9F2F-924D68545168}.Release|Any CPU.Build.0 = Release|Any CPU
	EndGlobalSection
	GlobalSection(SolutionProperties) = preSolution
		HideSolutionNode = FALSE
	EndGlobalSection
EndGlobal
